# THIS IS AN AUTOGENERATED FILE. DO NOT EDIT THIS FILE DIRECTLY.
# yarn lockfile v1


"@types/gsap@^1.20.1":
  version "1.20.2"
  resolved "https://registry.yarnpkg.com/@types/gsap/-/gsap-1.20.2.tgz#038d0e81a8dd50b9b6894f34f3cd4045f71c62b8"
  integrity sha512-i9nUsnS32+VTgoX5IlaCYukJpCoB3c6h3bZvO67aIRdb3z8NFTWgeUDpQutLyb1ujowp6nw37qLQNvEowqq8yw==

big.js@^5.2.2:
  version "5.2.2"
  resolved "https://registry.yarnpkg.com/big.js/-/big.js-5.2.2.tgz#65f0af382f578bcdc742bd9c281e9cb2d7768328"
  integrity sha512-vyL2OymJxmarO8gxMr0mhChsO9QGwhynfuu4+MHTAW6czfq9humCB7rKpUjDd9YUiDPU4mzpyupFSvOClAwbmQ==

colorette@^1.2.2:
  version "1.2.2"
  resolved "https://registry.yarnpkg.com/colorette/-/colorette-1.2.2.tgz#cbcc79d5e99caea2dbf10eb3a26fd8b3e6acfa94"
  integrity sha512-MKGMzyfeuutC/ZJ1cba9NqcNpfeqMUcYmyF1ZFY6/Cn7CNSAKx6a+s48sqLqyAiZuaP2TcqMhoo+dlwFnVxT9w==

curtainsjs@^8.1.2:
  version "8.1.2"
  resolved "https://registry.yarnpkg.com/curtainsjs/-/curtainsjs-8.1.2.tgz#decf1a688957cdb8fc3eecbee0a250cb399beee1"
  integrity sha512-JQTBmYCc5uqJ3eHRru32cw9y5tYqwvRofhQB4af6Ic0ENegrUhRh/ENNg130MTMoeIS+fumTxRYIsmv5FEgv0Q==

emojis-list@^3.0.0:
  version "3.0.0"
  resolved "https://registry.yarnpkg.com/emojis-list/-/emojis-list-3.0.0.tgz#5570662046ad29e2e916e71aae260abdff4f6a78"
  integrity sha512-/kyM18EfinwXZbno9FyUGeFh87KC8HRQBQGildHZbEuRyWFOmv1U10o9BBp8XVZDVNNuQKyIGIu5ZYAAXJ0V2Q==

esbuild@^0.9.3:
  version "0.9.7"
  resolved "https://registry.yarnpkg.com/esbuild/-/esbuild-0.9.7.tgz#ea0d639cbe4b88ec25fbed4d6ff00c8d788ef70b"
  integrity sha512-VtUf6aQ89VTmMLKrWHYG50uByMF4JQlVysb8dmg6cOgW8JnFCipmz7p+HNBl+RR3LLCuBxFGVauAe2wfnF9bLg==

fsevents@~2.3.1:
  version "2.3.2"
  resolved "https://registry.yarnpkg.com/fsevents/-/fsevents-2.3.2.tgz#8a526f78b8fdf4623b709e0b975c52c24c02fd1a"
  integrity sha512-xiqMQR4xAeHTuB9uWm+fFRcIOgKBMiOBP+eXiyT7jsgVCq1bkVygt00oASowB7EdtpOHaaPgKt812P9ab+DDKA==

function-bind@^1.1.1:
  version "1.1.1"
  resolved "https://registry.yarnpkg.com/function-bind/-/function-bind-1.1.1.tgz#a56899d3ea3c9bab874bb9773b7c5ede92f4895d"
  integrity sha512-yIovAzMX49sF8Yl58fSCWJ5svSLuaibPxXQJFLmBObTuCr0Mf1KiPopGM9NiFjiYBCbfaa2Fh6breQ6ANVTI0A==

gsap@^3.6.1:
  version "3.6.1"
  resolved "https://registry.yarnpkg.com/gsap/-/gsap-3.6.1.tgz#618f2338044d2b78b8cbced8ea8bf246d1cf6407"
  integrity sha512-hCkjk7UVbeEmlpFbiy7lIsh742bwVlMhdCnnQ1CvVOAdURyPX8hXjFZGh/0YzUyAcWPyJPE0/paMhSYtLhGlfA==

has@^1.0.3:
  version "1.0.3"
  resolved "https://registry.yarnpkg.com/has/-/has-1.0.3.tgz#722d7cbfc1f6aa8241f16dd814e011e1f41e8796"
  integrity sha512-f2dvO0VU6Oej7RkWJGrehjbzMAjFp5/VKPp5tTpWIV4JHHZK1/BxbFRtf/siA2SWTe09caDmVtYYzWEIbBS4zw==
  dependencies:
    function-bind "^1.1.1"

imports-loader@^2.0.0:
  version "2.0.0"
  resolved "https://registry.yarnpkg.com/imports-loader/-/imports-loader-2.0.0.tgz#f2f5152c6d8798a286b28a44eeae62142b60aa2c"
  integrity sha512-ZwEx0GfsJ1QckGqHSS1uu1sjpUgT3AYFOr3nT07dVnfeyc/bOICSw48067hr0u7DW8TZVzNVvdnvA62U9lG8nQ==
  dependencies:
    loader-utils "^2.0.0"
    source-map "^0.6.1"
    strip-comments "^2.0.1"

is-core-module@^2.2.0:
  version "2.3.0"
  resolved "https://registry.yarnpkg.com/is-core-module/-/is-core-module-2.3.0.tgz#d341652e3408bca69c4671b79a0954a3d349f887"
  integrity sha512-xSphU2KG9867tsYdLD4RWQ1VqdFl4HTO9Thf3I/3dLEfr0dbPTWKsuCKrgqMljg4nPE+Gq0VCnzT3gr0CyBmsw==
  dependencies:
    has "^1.0.3"

json5@^2.1.2:
  version "2.2.0"
  resolved "https://registry.yarnpkg.com/json5/-/json5-2.2.0.tgz#2dfefe720c6ba525d9ebd909950f0515316c89a3"
  integrity sha512-f+8cldu7X/y7RAJurMEJmdoKXGB/X550w2Nr3tTbezL6RwEE/iMcm+tZnXeoZtKuOq6ft8+CqzEkrIgx1fPoQA==
  dependencies:
    minimist "^1.2.5"

loader-utils@^2.0.0:
  version "2.0.0"
  resolved "https://registry.yarnpkg.com/loader-utils/-/loader-utils-2.0.0.tgz#e4cace5b816d425a166b5f097e10cd12b36064b0"
  integrity sha512-rP4F0h2RaWSvPEkD7BLDFQnvSf+nK+wr3ESUjNTyAGobqrijmW92zc+SO6d4p4B1wh7+B/Jg1mkQe5NYUEHtHQ==
  dependencies:
    big.js "^5.2.2"
    emojis-list "^3.0.0"
    json5 "^2.1.2"

minimist@^1.2.5:
  version "1.2.5"
  resolved "https://registry.yarnpkg.com/minimist/-/minimist-1.2.5.tgz#67d66014b66a6a8aaa0c083c5fd58df4e4e97602"
  integrity sha512-FM9nNUYrRBAELZQT3xeZQ7fmMOBg6nWNmJKTcgsJeaLstP/UODVpGsr5OhXhhXg6f+qtJ8uiZ+PUxkDWcgIXLw==

nanoid@^3.1.22:
  version "3.1.22"
  resolved "https://registry.yarnpkg.com/nanoid/-/nanoid-3.1.22.tgz#b35f8fb7d151990a8aebd5aa5015c03cf726f844"
  integrity sha512-/2ZUaJX2ANuLtTvqTlgqBQNJoQO398KyJgZloL0PZkC0dpysjncRUPsFe3DUPzz/y3h+u7C46np8RMuvF3jsSQ==

path-parse@^1.0.6:
  version "1.0.6"
  resolved "https://registry.yarnpkg.com/path-parse/-/path-parse-1.0.6.tgz#d62dbb5679405d72c4737ec58600e9ddcf06d24c"
  integrity sha512-GSmOT2EbHrINBf9SR7CDELwlJ8AENk3Qn7OikK4nFYAu3Ote2+JYNVvkpAEQm3/TLNEJFD/xZJjzyxg3KBWOzw==

postcss@^8.2.1:
  version "8.2.13"
  resolved "https://registry.yarnpkg.com/postcss/-/postcss-8.2.13.tgz#dbe043e26e3c068e45113b1ed6375d2d37e2129f"
  integrity sha512-FCE5xLH+hjbzRdpbRb1IMCvPv9yZx2QnDarBEYSN0N0HYk+TcXsEhwdFcFb+SRWOKzKGErhIEbBK2ogyLdTtfQ==
  dependencies:
    colorette "^1.2.2"
    nanoid "^3.1.22"
    source-map "^0.6.1"

resolve@^1.19.0:
  version "1.20.0"
  resolved "https://registry.yarnpkg.com/resolve/-/resolve-1.20.0.tgz#629a013fb3f70755d6f0b7935cc1c2c5378b1975"
  integrity sha512-wENBPt4ySzg4ybFQW2TT1zMQucPK95HSh/nq2CFTZVOGut2+pQvSsgtda4d26YrYcr067wjbmzOG8byDPBX63A==
  dependencies:
    is-core-module "^2.2.0"
    path-parse "^1.0.6"

rollup@^2.38.5:
  version "2.46.0"
  resolved "https://registry.yarnpkg.com/rollup/-/rollup-2.46.0.tgz#8cacf89d2ee31a34755f1af40a665168f592b829"
  integrity sha512-qPGoUBNl+Z8uNu0z7pD3WPTABWRbcOwIrO/5ccDJzmrtzn0LVf6Lj91+L5CcWhXl6iWf23FQ6m8Jkl2CmN1O7Q==
  optionalDependencies:
    fsevents "~2.3.1"

scrollmagic-plugin-gsap@^1.0.4:
  version "1.0.4"
  resolved "https://registry.yarnpkg.com/scrollmagic-plugin-gsap/-/scrollmagic-plugin-gsap-1.0.4.tgz#793fcee2e9cd7054ac828f930a2e08ef1bc3719e"
  integrity sha512-OLeo4J6V9wvnRP03/LJkgb5qkHIOzSckWX3hJ+Hh3uPJIfwttxCRRr4+w16WHPCQwZidUA9eEbtKeR7kyjdHVg==
  dependencies:
    "@types/gsap" "^1.20.1"

scrollmagic@^2.0.8:
  version "2.0.8"
  resolved "https://registry.yarnpkg.com/scrollmagic/-/scrollmagic-2.0.8.tgz#e0d7aff804c393c022fdc0c566f1edce3b4e9ed7"
  integrity sha512-UYXEGBPVLziovXl3FjHGkY9c4UXKUKopIdXwWR2JapWxCo0U345wYegi7rcsv5vHf/ktc1bSNWy4QRFiV+Yccw==

source-map@^0.6.1:
  version "0.6.1"
  resolved "https://registry.yarnpkg.com/source-map/-/source-map-0.6.1.tgz#74722af32e9614e9c287a8d0bbde48b5e2f1a263"
  integrity sha512-UjgapumWlbMhkBgzT7Ykc5YXUT46F0iKu8SGXq0bcwP5dz/h0Plj6enJqjz1Zbq2l5WaqYnrVbwWOWMyF3F47g==

strip-comments@^2.0.1:
  version "2.0.1"
  resolved "https://registry.yarnpkg.com/strip-comments/-/strip-comments-2.0.1.tgz#4ad11c3fbcac177a67a40ac224ca339ca1c1ba9b"
  integrity sha512-ZprKx+bBLXv067WTCALv8SSz5l2+XhpYCsVtSqlMnkAXMWDq+/ekVbl1ghqP9rUHTzv6sm/DwCOiYutU/yp1fw==

vite@^2.2.3:
  version "2.2.3"
  resolved "https://registry.yarnpkg.com/vite/-/vite-2.2.3.tgz#1acbdfa56ac00e00e7ccb6988f63f130c2f99dbb"
  integrity sha512-PtjyBL4GtACM+uT5q5hi2+AlMBbb6YI2b2bam6QI8ZdZt4FezseF0yZHQx0G+b3po9jIJ/GS5N9gc5Yq9Rue7g==
  dependencies:
    esbuild "^0.9.3"
    postcss "^8.2.1"
    resolve "^1.19.0"
    rollup "^2.38.5"
  optionalDependencies:
    fsevents "~2.3.1"
